
Microsoft Visual Studio Solution File, Format Version 12.00
# Visual Studio Version 16
VisualStudioVersion = 16.0.28803.156
MinimumVisualStudioVersion = 10.0.40219.1
Project("{FAE04EC0-301F-11D3-BF4B-00C04F79EFBC}") = "DiskpartGUI", "DiskpartGUI.csproj", "{2ABC6DA4-406D-4D86-BB48-2C12DA530C22}"
EndProject
Global
	GlobalSection(SolutionConfigurationPlatforms) = preSolution
		Debug|Any CPU = Debug|Any CPU
		Release|Any CPU = Release|Any CPU
	EndGlobalSection
	GlobalSection(ProjectConfigurationPlatforms) = postSolution
		{2ABC6DA4-406D-4D86-BB48-2C12DA530C22}.Debug|Any CPU.ActiveCfg = Debug|Any CPU
		{2ABC6DA4-406D-4D86-BB48-2C12DA530C22}.Debug|Any CPU.Build.0 = Debug|Any CPU
		{2ABC6DA4-406D-4D86-BB48-2C12DA530C22}.Release|Any CPU.ActiveCfg = Release|Any CPU
		{2ABC6DA4-406D-4D86-BB48-2C12DA530C22}.Release|Any CPU.Build.0 = Release|Any CPU
	EndGlobalSection
	GlobalSection(SolutionProperties) = preSolution
		HideSolutionNode = FALSE
	EndGlobalSection
	GlobalSection(ExtensibilityGlobals) = postSolution
		SolutionGuid = {752BDD56-2F66-4364-B202-50F3DB3CCBEC}
	EndGlobalSection
EndGlobal
